
Microsoft Visual Studio Solution File, Format Version 12.00
# Visual Studio Version 16
VisualStudioVersion = 16.0.33027.164
MinimumVisualStudioVersion = 10.0.40219.1
Project("{FAE04EC0-301F-11D3-BF4B-00C04F79EFBC}") = "Notebook", "Notebook\Notebook.csproj", "{FA9454A7-3547-4399-82DF-FF70971B0245}"
EndProject
Global
	GlobalSection(SolutionConfigurationPlatforms) = preSolution
		Debug|Any CPU = Debug|Any CPU
		Release|Any CPU = Release|Any CPU
	EndGlobalSection
	GlobalSection(ProjectConfigurationPlatforms) = postSolution
		{FA9454A7-3547-4399-82DF-FF70971B0245}.Debug|Any CPU.ActiveCfg = Debug|Any CPU
		{FA9454A7-3547-4399-82DF-FF70971B0245}.Debug|Any CPU.Build.0 = Debug|Any CPU
		{FA9454A7-3547-4399-82DF-FF70971B0245}.Release|Any CPU.ActiveCfg = Release|Any CPU
		{FA9454A7-3547-4399-82DF-FF70971B0245}.Release|Any CPU.Build.0 = Release|Any CPU
	EndGlobalSection
	GlobalSection(SolutionProperties) = preSolution
		HideSolutionNode = FALSE
	EndGlobalSection
	GlobalSection(ExtensibilityGlobals) = postSolution
		SolutionGuid = {263133F8-904A-466F-9E8A-9FEF7EE6AB29}
	EndGlobalSection
EndGlobal
